
Microsoft Visual Studio Solution File, Format Version 12.00
# Visual Studio Version 16
VisualStudioVersion = 16.0.29424.173
MinimumVisualStudioVersion = 10.0.40219.1
Project("{9A19103F-16F7-4668-BE54-9A1E7A4F7556}") = "ProjectName.Infrastructure", "src\ProjectName.Infrastructure\ProjectName.Infrastructure.csproj", "{AD0C8ED7-1570-433E-BD9D-B81E720340A6}"
EndProject
Project("{9A19103F-16F7-4668-BE54-9A1E7A4F7556}") = "ProjectName.Domain", "src\ProjectName.Domain\ProjectName.Domain.csproj", "{1937B635-7C08-480A-AA3C-600EA13313A1}"
EndProject
Project("{9A19103F-16F7-4668-BE54-9A1E7A4F7556}") = "ProjectName.API", "src\ProjectName.API\ProjectName.API.csproj", "{77FB486C-0469-47DA-8190-08F1BDBE8651}"
EndProject
Project("{9A19103F-16F7-4668-BE54-9A1E7A4F7556}") = "ProjectName.UnitTests", "src\ProjectName.UnitTests\ProjectName.UnitTests.csproj", "{A5FC3394-D91D-4645-B056-D838D020292A}"
EndProject
Project("{2150E333-8FDC-42A3-9474-1A3956D46DE8}") = "building-blocks", "building-blocks", "{1DC2EB3D-8EC2-42F0-AAA2-64683CD5C38E}"
EndProject
Project("{2150E333-8FDC-42A3-9474-1A3956D46DE8}") = "Solution Items", "Solution Items", "{EA530507-11A4-4E71-8939-04078BE8C1DD}"
	ProjectSection(SolutionItems) = preProject
		.dockerignore = .dockerignore
		.gitignore = .gitignore
		Dockerfile = Dockerfile
		main.yml = main.yml
		README.md = README.md
	EndProjectSection
EndProject
Project("{2150E333-8FDC-42A3-9474-1A3956D46DE8}") = "deploy", "deploy", "{5A82617F-48B2-4FDA-BFC2-513BE6537B79}"
EndProject
Project("{9A19103F-16F7-4668-BE54-9A1E7A4F7556}") = "Stu.AspNetCore.Mvc", "building-blocks\Stu.AspNetCore.Mvc\Stu.AspNetCore.Mvc.csproj", "{CD3CD77C-D941-47C1-9550-114F7A7AB376}"
EndProject
Global
	GlobalSection(SolutionConfigurationPlatforms) = preSolution
		Debug|Any CPU = Debug|Any CPU
		Release|Any CPU = Release|Any CPU
	EndGlobalSection
	GlobalSection(ProjectConfigurationPlatforms) = postSolution
		{AD0C8ED7-1570-433E-BD9D-B81E720340A6}.Debug|Any CPU.ActiveCfg = Debug|Any CPU
		{AD0C8ED7-1570-433E-BD9D-B81E720340A6}.Debug|Any CPU.Build.0 = Debug|Any CPU
		{AD0C8ED7-1570-433E-BD9D-B81E720340A6}.Release|Any CPU.ActiveCfg = Release|Any CPU
		{AD0C8ED7-1570-433E-BD9D-B81E720340A6}.Release|Any CPU.Build.0 = Release|Any CPU
		{1937B635-7C08-480A-AA3C-600EA13313A1}.Debug|Any CPU.ActiveCfg = Debug|Any CPU
		{1937B635-7C08-480A-AA3C-600EA13313A1}.Debug|Any CPU.Build.0 = Debug|Any CPU
		{1937B635-7C08-480A-AA3C-600EA13313A1}.Release|Any CPU.ActiveCfg = Release|Any CPU
		{1937B635-7C08-480A-AA3C-600EA13313A1}.Release|Any CPU.Build.0 = Release|Any CPU
		{77FB486C-0469-47DA-8190-08F1BDBE8651}.Debug|Any CPU.ActiveCfg = Debug|Any CPU
		{77FB486C-0469-47DA-8190-08F1BDBE8651}.Debug|Any CPU.Build.0 = Debug|Any CPU
		{77FB486C-0469-47DA-8190-08F1BDBE8651}.Release|Any CPU.ActiveCfg = Release|Any CPU
		{77FB486C-0469-47DA-8190-08F1BDBE8651}.Release|Any CPU.Build.0 = Release|Any CPU
		{A5FC3394-D91D-4645-B056-D838D020292A}.Debug|Any CPU.ActiveCfg = Debug|Any CPU
		{A5FC3394-D91D-4645-B056-D838D020292A}.Debug|Any CPU.Build.0 = Debug|Any CPU
		{A5FC3394-D91D-4645-B056-D838D020292A}.Release|Any CPU.ActiveCfg = Release|Any CPU
		{A5FC3394-D91D-4645-B056-D838D020292A}.Release|Any CPU.Build.0 = Release|Any CPU
		{CD3CD77C-D941-47C1-9550-114F7A7AB376}.Debug|Any CPU.ActiveCfg = Debug|Any CPU
		{CD3CD77C-D941-47C1-9550-114F7A7AB376}.Debug|Any CPU.Build.0 = Debug|Any CPU
		{CD3CD77C-D941-47C1-9550-114F7A7AB376}.Release|Any CPU.ActiveCfg = Release|Any CPU
		{CD3CD77C-D941-47C1-9550-114F7A7AB376}.Release|Any CPU.Build.0 = Release|Any CPU
	EndGlobalSection
	GlobalSection(SolutionProperties) = preSolution
		HideSolutionNode = FALSE
	EndGlobalSection
	GlobalSection(NestedProjects) = preSolution
		{5A82617F-48B2-4FDA-BFC2-513BE6537B79} = {EA530507-11A4-4E71-8939-04078BE8C1DD}
		{CD3CD77C-D941-47C1-9550-114F7A7AB376} = {1DC2EB3D-8EC2-42F0-AAA2-64683CD5C38E}
	EndGlobalSection
	GlobalSection(ExtensibilityGlobals) = postSolution
		SolutionGuid = {15FADE4D-D479-4975-B33B-C179CDF5AE66}
	EndGlobalSection
EndGlobal
